// !$*UTF8*$!
{
	archiveVersion = 1;
	classes = {
	};
	objectVersion = 46;
	objects = {

/* Begin PBXBuildFile section */
		3955102F19DF43CF00023955 /* billabong-1361543483.ttf in Resources */ = {isa = PBXBuildFile; fileRef = 3955102E19DF43A700023955 /* billabong-1361543483.ttf */; };
		3955106919E078FC00023955 /* MainFeedViewController.m in Sources */ = {isa = PBXBuildFile; fileRef = 3955106819E078FC00023955 /* MainFeedViewController.m */; };
		3955106C19E080D400023955 /* CustomHeaderViewCell.m in Sources */ = {isa = PBXBuildFile; fileRef = 3955106B19E080D400023955 /* CustomHeaderViewCell.m */; };
		3955106E19E0849800023955 /* headerCell.xib in Resources */ = {isa = PBXBuildFile; fileRef = 3955106D19E0849800023955 /* headerCell.xib */; };
		3955107019E0895B00023955 /* Buffy.png in Resources */ = {isa = PBXBuildFile; fileRef = 3955106F19E0895A00023955 /* Buffy.png */; };
		39BC07D719D6D3460090E20E /* InstaClient.m in Sources */ = {isa = PBXBuildFile; fileRef = 39BC07D619D6D3460090E20E /* InstaClient.m */; };
		39BC07DA19D735320090E20E /* InstaMedia.m in Sources */ = {isa = PBXBuildFile; fileRef = 39BC07D919D735320090E20E /* InstaMedia.m */; };
		39BC07DD19D73A450090E20E /* InstaUser.m in Sources */ = {isa = PBXBuildFile; fileRef = 39BC07DC19D73A450090E20E /* InstaUser.m */; };
		39BEDC9019E1BD2400506B3C /* footerCell.xib in Resources */ = {isa = PBXBuildFile; fileRef = 39BEDC8F19E1BD2400506B3C /* footerCell.xib */; };
		39BEDC9319E1BD3500506B3C /* CustomFooterViewCell.m in Sources */ = {isa = PBXBuildFile; fileRef = 39BEDC9219E1BD3500506B3C /* CustomFooterViewCell.m */; };
		39BEDC9519E32B5700506B3C /* AVFoundation.framework in Frameworks */ = {isa = PBXBuildFile; fileRef = 39BEDC9419E32B5700506B3C /* AVFoundation.framework */; };
		39BEDCD519E4455900506B3C /* icon_balloon_20x20.png in Resources */ = {isa = PBXBuildFile; fileRef = 39BEDCD219E4455900506B3C /* icon_balloon_20x20.png */; };
		39BEDCD619E4455900506B3C /* icon_clock_20x20.png in Resources */ = {isa = PBXBuildFile; fileRef = 39BEDCD319E4455900506B3C /* icon_clock_20x20.png */; };
		39BEDCD719E4455900506B3C /* icon_heart_20x20.png in Resources */ = {isa = PBXBuildFile; fileRef = 39BEDCD419E4455900506B3C /* icon_heart_20x20.png */; };
		39C85A7D19D574D8007295D9 /* main.m in Sources */ = {isa = PBXBuildFile; fileRef = 39C85A7C19D574D8007295D9 /* main.m */; };
		39C85A8019D574D8007295D9 /* AppDelegate.m in Sources */ = {isa = PBXBuildFile; fileRef = 39C85A7F19D574D8007295D9 /* AppDelegate.m */; };
		39C85A8919D574D8007295D9 /* Main.storyboard in Resources */ = {isa = PBXBuildFile; fileRef = 39C85A8719D574D8007295D9 /* Main.storyboard */; };
		39C85A8B19D574D8007295D9 /* Images.xcassets in Resources */ = {isa = PBXBuildFile; fileRef = 39C85A8A19D574D8007295D9 /* Images.xcassets */; };
		39C85A8E19D574D8007295D9 /* LaunchScreen.xib in Resources */ = {isa = PBXBuildFile; fileRef = 39C85A8C19D574D8007295D9 /* LaunchScreen.xib */; };
		39C85A9A19D574D8007295D9 /* Instagram_CloneTests.m in Sources */ = {isa = PBXBuildFile; fileRef = 39C85A9919D574D8007295D9 /* Instagram_CloneTests.m */; };
		39CE39F119DB19840079AA55 /* buf.png in Resources */ = {isa = PBXBuildFile; fileRef = 39CE39F019DB19840079AA55 /* buf.png */; };
		39D139DC19EC80F5005ABEC0 /* mainCell.xib in Resources */ = {isa = PBXBuildFile; fileRef = 39D139DB19EC80F5005ABEC0 /* mainCell.xib */; };
		39D139DF19EC8116005ABEC0 /* MainCell.m in Sources */ = {isa = PBXBuildFile; fileRef = 39D139DE19EC8116005ABEC0 /* MainCell.m */; };
		39D139E219ED7ED1005ABEC0 /* UserProfileViewController.m in Sources */ = {isa = PBXBuildFile; fileRef = 39D139E119ED7ED1005ABEC0 /* UserProfileViewController.m */; };
		39D139E519EDB88B005ABEC0 /* graybox.jpg in Resources */ = {isa = PBXBuildFile; fileRef = 39D139E319EDB88B005ABEC0 /* graybox.jpg */; };
		39D139E619EDB88B005ABEC0 /* none.gif in Resources */ = {isa = PBXBuildFile; fileRef = 39D139E419EDB88B005ABEC0 /* none.gif */; };
		39E314DC19D9F258009141C5 /* VerkennenViewController.m in Sources */ = {isa = PBXBuildFile; fileRef = 39E314DB19D9F258009141C5 /* VerkennenViewController.m */; };
		39E314DF19D9F508009141C5 /* CameraViewController.m in Sources */ = {isa = PBXBuildFile; fileRef = 39E314DE19D9F508009141C5 /* CameraViewController.m */; };
		39EC489719FBE0980059EE2B /* MapViewController.m in Sources */ = {isa = PBXBuildFile; fileRef = 39EC489619FBE0980059EE2B /* MapViewController.m */; };
		39EC489919FBE0D80059EE2B /* MapKit.framework in Frameworks */ = {isa = PBXBuildFile; fileRef = 39EC489819FBE0D80059EE2B /* MapKit.framework */; };
		5549B60BB453478DAB3C8FC3 /* libPods.a in Frameworks */ = {isa = PBXBuildFile; fileRef = 987AF76454014E00A3C48721 /* libPods.a */; };
/* End PBXBuildFile section */

/* Begin PBXContainerItemProxy section */
		39C85A9419D574D8007295D9 /* PBXContainerItemProxy */ = {
			isa = PBXContainerItemProxy;
			containerPortal = 39C85A6F19D574D8007295D9 /* Project object */;
			proxyType = 1;
			remoteGlobalIDString = 39C85A7619D574D8007295D9;
			remoteInfo = "Instagram-Clone";
		};
/* End PBXContainerItemProxy section */

/* Begin PBXFileReference section */
		3955102E19DF43A700023955 /* billabong-1361543483.ttf */ = {isa = PBXFileReference; lastKnownFileType = file; path = "billabong-1361543483.ttf"; sourceTree = "<group>"; };
		3955106719E078FC00023955 /* MainFeedViewController.h */ = {isa = PBXFileReference; fileEncoding = 4; lastKnownFileType = sourcecode.c.h; path = MainFeedViewController.h; sourceTree = "<group>"; };
		3955106819E078FC00023955 /* MainFeedViewController.m */ = {isa = PBXFileReference; fileEncoding = 4; lastKnownFileType = sourcecode.c.objc; path = MainFeedViewController.m; sourceTree = "<group>"; };
		3955106A19E080D400023955 /* CustomHeaderViewCell.h */ = {isa = PBXFileReference; fileEncoding = 4; lastKnownFileType = sourcecode.c.h; path = CustomHeaderViewCell.h; sourceTree = "<group>"; };
		3955106B19E080D400023955 /* CustomHeaderViewCell.m */ = {isa = PBXFileReference; fileEncoding = 4; lastKnownFileType = sourcecode.c.objc; path = CustomHeaderViewCell.m; sourceTree = "<group>"; };
		3955106D19E0849800023955 /* headerCell.xib */ = {isa = PBXFileReference; fileEncoding = 4; lastKnownFileType = file.xib; path = headerCell.xib; sourceTree = "<group>"; };
		3955106F19E0895A00023955 /* Buffy.png */ = {isa = PBXFileReference; lastKnownFileType = image.png; path = Buffy.png; sourceTree = "<group>"; };
		39BC07D519D6D3460090E20E /* InstaClient.h */ = {isa = PBXFileReference; fileEncoding = 4; lastKnownFileType = sourcecode.c.h; path = InstaClient.h; sourceTree = "<group>"; };
		39BC07D619D6D3460090E20E /* InstaClient.m */ = {isa = PBXFileReference; fileEncoding = 4; lastKnownFileType = sourcecode.c.objc; path = InstaClient.m; sourceTree = "<group>"; };
		39BC07D819D735320090E20E /* InstaMedia.h */ = {isa = PBXFileReference; fileEncoding = 4; lastKnownFileType = sourcecode.c.h; path = InstaMedia.h; sourceTree = "<group>"; };
		39BC07D919D735320090E20E /* InstaMedia.m */ = {isa = PBXFileReference; fileEncoding = 4; lastKnownFileType = sourcecode.c.objc; path = InstaMedia.m; sourceTree = "<group>"; };
		39BC07DB19D73A450090E20E /* InstaUser.h */ = {isa = PBXFileReference; fileEncoding = 4; lastKnownFileType = sourcecode.c.h; path = InstaUser.h; sourceTree = "<group>"; };
		39BC07DC19D73A450090E20E /* InstaUser.m */ = {isa = PBXFileReference; fileEncoding = 4; lastKnownFileType = sourcecode.c.objc; path = InstaUser.m; sourceTree = "<group>"; };
		39BEDC8F19E1BD2400506B3C /* footerCell.xib */ = {isa = PBXFileReference; fileEncoding = 4; lastKnownFileType = file.xib; path = footerCell.xib; sourceTree = "<group>"; };
		39BEDC9119E1BD3500506B3C /* CustomFooterViewCell.h */ = {isa = PBXFileReference; fileEncoding = 4; lastKnownFileType = sourcecode.c.h; path = CustomFooterViewCell.h; sourceTree = "<group>"; };
		39BEDC9219E1BD3500506B3C /* CustomFooterViewCell.m */ = {isa = PBXFileReference; fileEncoding = 4; lastKnownFileType = sourcecode.c.objc; path = CustomFooterViewCell.m; sourceTree = "<group>"; };
		39BEDC9419E32B5700506B3C /* AVFoundation.framework */ = {isa = PBXFileReference; lastKnownFileType = wrapper.framework; name = AVFoundation.framework; path = System/Library/Frameworks/AVFoundation.framework; sourceTree = SDKROOT; };
		39BEDCD219E4455900506B3C /* icon_balloon_20x20.png */ = {isa = PBXFileReference; lastKnownFileType = image.png; path = icon_balloon_20x20.png; sourceTree = "<group>"; };
		39BEDCD319E4455900506B3C /* icon_clock_20x20.png */ = {isa = PBXFileReference; lastKnownFileType = image.png; path = icon_clock_20x20.png; sourceTree = "<group>"; };
		39BEDCD419E4455900506B3C /* icon_heart_20x20.png */ = {isa = PBXFileReference; lastKnownFileType = image.png; path = icon_heart_20x20.png; sourceTree = "<group>"; };
		39C85A7719D574D8007295D9 /* Instagram-Clone.app */ = {isa = PBXFileReference; explicitFileType = wrapper.application; includeInIndex = 0; path = "Instagram-Clone.app"; sourceTree = BUILT_PRODUCTS_DIR; };
		39C85A7B19D574D8007295D9 /* Info.plist */ = {isa = PBXFileReference; lastKnownFileType = text.plist.xml; path = Info.plist; sourceTree = "<group>"; };
		39C85A7C19D574D8007295D9 /* main.m */ = {isa = PBXFileReference; lastKnownFileType = sourcecode.c.objc; path = main.m; sourceTree = "<group>"; };
		39C85A7E19D574D8007295D9 /* AppDelegate.h */ = {isa = PBXFileReference; lastKnownFileType = sourcecode.c.h; path = AppDelegate.h; sourceTree = "<group>"; };
		39C85A7F19D574D8007295D9 /* AppDelegate.m */ = {isa = PBXFileReference; lastKnownFileType = sourcecode.c.objc; path = AppDelegate.m; sourceTree = "<group>"; };
		39C85A8819D574D8007295D9 /* Base */ = {isa = PBXFileReference; lastKnownFileType = file.storyboard; name = Base; path = Base.lproj/Main.storyboard; sourceTree = "<group>"; };
		39C85A8A19D574D8007295D9 /* Images.xcassets */ = {isa = PBXFileReference; lastKnownFileType = folder.assetcatalog; path = Images.xcassets; sourceTree = "<group>"; };
		39C85A8D19D574D8007295D9 /* Base */ = {isa = PBXFileReference; lastKnownFileType = file.xib; name = Base; path = Base.lproj/LaunchScreen.xib; sourceTree = "<group>"; };
		39C85A9319D574D8007295D9 /* Instagram-CloneTests.xctest */ = {isa = PBXFileReference; explicitFileType = wrapper.cfbundle; includeInIndex = 0; path = "Instagram-CloneTests.xctest"; sourceTree = BUILT_PRODUCTS_DIR; };
		39C85A9819D574D8007295D9 /* Info.plist */ = {isa = PBXFileReference; lastKnownFileType = text.plist.xml; path = Info.plist; sourceTree = "<group>"; };
		39C85A9919D574D8007295D9 /* Instagram_CloneTests.m */ = {isa = PBXFileReference; lastKnownFileType = sourcecode.c.objc; path = Instagram_CloneTests.m; sourceTree = "<group>"; };
		39CE39F019DB19840079AA55 /* buf.png */ = {isa = PBXFileReference; lastKnownFileType = image.png; path = buf.png; sourceTree = "<group>"; };
		39D139DB19EC80F5005ABEC0 /* mainCell.xib */ = {isa = PBXFileReference; fileEncoding = 4; lastKnownFileType = file.xib; path = mainCell.xib; sourceTree = "<group>"; };
		39D139DD19EC8116005ABEC0 /* MainCell.h */ = {isa = PBXFileReference; fileEncoding = 4; lastKnownFileType = sourcecode.c.h; path = MainCell.h; sourceTree = "<group>"; };
		39D139DE19EC8116005ABEC0 /* MainCell.m */ = {isa = PBXFileReference; fileEncoding = 4; lastKnownFileType = sourcecode.c.objc; path = MainCell.m; sourceTree = "<group>"; };
		39D139E019ED7ED1005ABEC0 /* UserProfileViewController.h */ = {isa = PBXFileReference; fileEncoding = 4; lastKnownFileType = sourcecode.c.h; path = UserProfileViewController.h; sourceTree = "<group>"; };
		39D139E119ED7ED1005ABEC0 /* UserProfileViewController.m */ = {isa = PBXFileReference; fileEncoding = 4; lastKnownFileType = sourcecode.c.objc; path = UserProfileViewController.m; sourceTree = "<group>"; };
		39D139E319EDB88B005ABEC0 /* graybox.jpg */ = {isa = PBXFileReference; lastKnownFileType = image.jpeg; path = graybox.jpg; sourceTree = "<group>"; };
		39D139E419EDB88B005ABEC0 /* none.gif */ = {isa = PBXFileReference; lastKnownFileType = image.gif; path = none.gif; sourceTree = "<group>"; };
		39E314DA19D9F258009141C5 /* VerkennenViewController.h */ = {isa = PBXFileReference; fileEncoding = 4; lastKnownFileType = sourcecode.c.h; path = VerkennenViewController.h; sourceTree = "<group>"; };
		39E314DB19D9F258009141C5 /* VerkennenViewController.m */ = {isa = PBXFileReference; fileEncoding = 4; lastKnownFileType = sourcecode.c.objc; path = VerkennenViewController.m; sourceTree = "<group>"; };
		39E314DD19D9F508009141C5 /* CameraViewController.h */ = {isa = PBXFileReference; fileEncoding = 4; lastKnownFileType = sourcecode.c.h; path = CameraViewController.h; sourceTree = "<group>"; };
		39E314DE19D9F508009141C5 /* CameraViewController.m */ = {isa = PBXFileReference; fileEncoding = 4; lastKnownFileType = sourcecode.c.objc; path = CameraViewController.m; sourceTree = "<group>"; };
		39EC489519FBE0980059EE2B /* MapViewController.h */ = {isa = PBXFileReference; fileEncoding = 4; lastKnownFileType = sourcecode.c.h; path = MapViewController.h; sourceTree = "<group>"; };
		39EC489619FBE0980059EE2B /* MapViewController.m */ = {isa = PBXFileReference; fileEncoding = 4; lastKnownFileType = sourcecode.c.objc; path = MapViewController.m; sourceTree = "<group>"; };
		39EC489819FBE0D80059EE2B /* MapKit.framework */ = {isa = PBXFileReference; lastKnownFileType = wrapper.framework; name = MapKit.framework; path = System/Library/Frameworks/MapKit.framework; sourceTree = SDKROOT; };
		7B96481912E24A369F32A332 /* Pods.xcconfig */ = {isa = PBXFileReference; includeInIndex = 1; lastKnownFileType = text.xcconfig; name = Pods.xcconfig; path = Pods/Pods.xcconfig; sourceTree = "<group>"; };
		987AF76454014E00A3C48721 /* libPods.a */ = {isa = PBXFileReference; explicitFileType = archive.ar; includeInIndex = 0; path = libPods.a; sourceTree = BUILT_PRODUCTS_DIR; };
/* End PBXFileReference section */

/* Begin PBXFrameworksBuildPhase section */
		39C85A7419D574D8007295D9 /* Frameworks */ = {
			isa = PBXFrameworksBuildPhase;
			buildActionMask = 2147483647;
			files = (
				39EC489919FBE0D80059EE2B /* MapKit.framework in Frameworks */,
				39BEDC9519E32B5700506B3C /* AVFoundation.framework in Frameworks */,
				5549B60BB453478DAB3C8FC3 /* libPods.a in Frameworks */,
			);
			runOnlyForDeploymentPostprocessing = 0;
		};
		39C85A9019D574D8007295D9 /* Frameworks */ = {
			isa = PBXFrameworksBuildPhase;
			buildActionMask = 2147483647;
			files = (
			);
			runOnlyForDeploymentPostprocessing = 0;
		};
/* End PBXFrameworksBuildPhase section */

/* Begin PBXGroup section */
		39C85A6E19D574D8007295D9 = {
			isa = PBXGroup;
			children = (
				39C85A7919D574D8007295D9 /* Instagram-Clone */,
				39C85A9619D574D8007295D9 /* Instagram-CloneTests */,
				39C85A7819D574D8007295D9 /* Products */,
				7B96481912E24A369F32A332 /* Pods.xcconfig */,
				46A0D1372BC140C29C3D667F /* Frameworks */,
			);
			sourceTree = "<group>";
		};
		39C85A7819D574D8007295D9 /* Products */ = {
			isa = PBXGroup;
			children = (
				39C85A7719D574D8007295D9 /* Instagram-Clone.app */,
				39C85A9319D574D8007295D9 /* Instagram-CloneTests.xctest */,
			);
			name = Products;
			sourceTree = "<group>";
		};
		39C85A7919D574D8007295D9 /* Instagram-Clone */ = {
			isa = PBXGroup;
			children = (
				39C85A7E19D574D8007295D9 /* AppDelegate.h */,
				39C85A7F19D574D8007295D9 /* AppDelegate.m */,
				39D139E819EEEE2B005ABEC0 /* Views */,
				39D139E919EEEE37005ABEC0 /* ViewControllers */,
				39D139E719EEEE1A005ABEC0 /* Model */,
				39C85A8A19D574D8007295D9 /* Images.xcassets */,
				39C85A8C19D574D8007295D9 /* LaunchScreen.xib */,
				39D139EA19EEEE53005ABEC0 /* Assets */,
				39C85A7A19D574D8007295D9 /* Supporting Files */,
			);
			path = "Instagram-Clone";
			sourceTree = "<group>";
		};
		39C85A7A19D574D8007295D9 /* Supporting Files */ = {
			isa = PBXGroup;
			children = (
				3955102E19DF43A700023955 /* billabong-1361543483.ttf */,
				39C85A7B19D574D8007295D9 /* Info.plist */,
				39C85A7C19D574D8007295D9 /* main.m */,
			);
			name = "Supporting Files";
			sourceTree = "<group>";
		};
		39C85A9619D574D8007295D9 /* Instagram-CloneTests */ = {
			isa = PBXGroup;
			children = (
				39C85A9919D574D8007295D9 /* Instagram_CloneTests.m */,
				39C85A9719D574D8007295D9 /* Supporting Files */,
			);
			path = "Instagram-CloneTests";
			sourceTree = "<group>";
		};
		39C85A9719D574D8007295D9 /* Supporting Files */ = {
			isa = PBXGroup;
			children = (
				39C85A9819D574D8007295D9 /* Info.plist */,
			);
			name = "Supporting Files";
			sourceTree = "<group>";
		};
		39D139E719EEEE1A005ABEC0 /* Model */ = {
			isa = PBXGroup;
			children = (
				39BC07DB19D73A450090E20E /* InstaUser.h */,
				39BC07DC19D73A450090E20E /* InstaUser.m */,
				39BC07D819D735320090E20E /* InstaMedia.h */,
				39BC07D919D735320090E20E /* InstaMedia.m */,
				39BC07D519D6D3460090E20E /* InstaClient.h */,
				39BC07D619D6D3460090E20E /* InstaClient.m */,
			);
			name = Model;
			sourceTree = "<group>";
		};
		39D139E819EEEE2B005ABEC0 /* Views */ = {
			isa = PBXGroup;
			children = (
				3955106A19E080D400023955 /* CustomHeaderViewCell.h */,
				3955106B19E080D400023955 /* CustomHeaderViewCell.m */,
				39D139DD19EC8116005ABEC0 /* MainCell.h */,
				39D139DE19EC8116005ABEC0 /* MainCell.m */,
				39BEDC9119E1BD3500506B3C /* CustomFooterViewCell.h */,
				39BEDC9219E1BD3500506B3C /* CustomFooterViewCell.m */,
				39C85A8719D574D8007295D9 /* Main.storyboard */,
				3955106D19E0849800023955 /* headerCell.xib */,
				39BEDC8F19E1BD2400506B3C /* footerCell.xib */,
				39D139DB19EC80F5005ABEC0 /* mainCell.xib */,
			);
			name = Views;
			sourceTree = "<group>";
		};
		39D139E919EEEE37005ABEC0 /* ViewControllers */ = {
			isa = PBXGroup;
			children = (
				3955106719E078FC00023955 /* MainFeedViewController.h */,
				3955106819E078FC00023955 /* MainFeedViewController.m */,
				39E314DA19D9F258009141C5 /* VerkennenViewController.h */,
				39E314DB19D9F258009141C5 /* VerkennenViewController.m */,
				39E314DD19D9F508009141C5 /* CameraViewController.h */,
				39E314DE19D9F508009141C5 /* CameraViewController.m */,
				39D139E019ED7ED1005ABEC0 /* UserProfileViewController.h */,
				39D139E119ED7ED1005ABEC0 /* UserProfileViewController.m */,
				39EC489519FBE0980059EE2B /* MapViewController.h */,
				39EC489619FBE0980059EE2B /* MapViewController.m */,
			);
			name = ViewControllers;
			sourceTree = "<group>";
		};
		39D139EA19EEEE53005ABEC0 /* Assets */ = {
			isa = PBXGroup;
			children = (
				39D139E319EDB88B005ABEC0 /* graybox.jpg */,
				39D139E419EDB88B005ABEC0 /* none.gif */,
				39CE39F019DB19840079AA55 /* buf.png */,
				3955106F19E0895A00023955 /* Buffy.png */,
				39BEDCD219E4455900506B3C /* icon_balloon_20x20.png */,
				39BEDCD319E4455900506B3C /* icon_clock_20x20.png */,
				39BEDCD419E4455900506B3C /* icon_heart_20x20.png */,
			);
			name = Assets;
			sourceTree = "<group>";
		};
		46A0D1372BC140C29C3D667F /* Frameworks */ = {
			isa = PBXGroup;
			children = (
				39EC489819FBE0D80059EE2B /* MapKit.framework */,
				39BEDC9419E32B5700506B3C /* AVFoundation.framework */,
				987AF76454014E00A3C48721 /* libPods.a */,
			);
			name = Frameworks;
			sourceTree = "<group>";
		};
/* End PBXGroup section */

/* Begin PBXNativeTarget section */
		39C85A7619D574D8007295D9 /* Instagram-Clone */ = {
			isa = PBXNativeTarget;
			buildConfigurationList = 39C85A9D19D574D8007295D9 /* Build configuration list for PBXNativeTarget "Instagram-Clone" */;
			buildPhases = (
				A31305C037D5470C9D78D28C /* Check Pods Manifest.lock */,
				39C85A7319D574D8007295D9 /* Sources */,
				39C85A7419D574D8007295D9 /* Frameworks */,
				39C85A7519D574D8007295D9 /* Resources */,
				61A7FB3D6769479E8D69B84D /* Copy Pods Resources */,
			);
			buildRules = (
			);
			dependencies = (
			);
			name = "Instagram-Clone";
			productName = "Instagram-Clone";
			productReference = 39C85A7719D574D8007295D9 /* Instagram-Clone.app */;
			productType = "com.apple.product-type.application";
		};
		39C85A9219D574D8007295D9 /* Instagram-CloneTests */ = {
			isa = PBXNativeTarget;
			buildConfigurationList = 39C85AA019D574D8007295D9 /* Build configuration list for PBXNativeTarget "Instagram-CloneTests" */;
			buildPhases = (
				39C85A8F19D574D8007295D9 /* Sources */,
				39C85A9019D574D8007295D9 /* Frameworks */,
				39C85A9119D574D8007295D9 /* Resources */,
			);
			buildRules = (
			);
			dependencies = (
				39C85A9519D574D8007295D9 /* PBXTargetDependency */,
			);
			name = "Instagram-CloneTests";
			productName = "Instagram-CloneTests";
			productReference = 39C85A9319D574D8007295D9 /* Instagram-CloneTests.xctest */;
			productType = "com.apple.product-type.bundle.unit-test";
		};
/* End PBXNativeTarget section */

/* Begin PBXProject section */
		39C85A6F19D574D8007295D9 /* Project object */ = {
			isa = PBXProject;
			attributes = {
				LastUpgradeCheck = 0600;
				ORGANIZATIONNAME = Noizy;
				TargetAttributes = {
					39C85A7619D574D8007295D9 = {
						CreatedOnToolsVersion = 6.0;
					};
					39C85A9219D574D8007295D9 = {
						CreatedOnToolsVersion = 6.0;
						TestTargetID = 39C85A7619D574D8007295D9;
					};
				};
			};
			buildConfigurationList = 39C85A7219D574D8007295D9 /* Build configuration list for PBXProject "Instagram-Clone" */;
			compatibilityVersion = "Xcode 3.2";
			developmentRegion = English;
			hasScannedForEncodings = 0;
			knownRegions = (
				en,
				Base,
			);
			mainGroup = 39C85A6E19D574D8007295D9;
			productRefGroup = 39C85A7819D574D8007295D9 /* Products */;
			projectDirPath = "";
			projectRoot = "";
			targets = (
				39C85A7619D574D8007295D9 /* Instagram-Clone */,
				39C85A9219D574D8007295D9 /* Instagram-CloneTests */,
			);
		};
/* End PBXProject section */

/* Begin PBXResourcesBuildPhase section */
		39C85A7519D574D8007295D9 /* Resources */ = {
			isa = PBXResourcesBuildPhase;
			buildActionMask = 2147483647;
			files = (
				39BEDCD619E4455900506B3C /* icon_clock_20x20.png in Resources */,
				3955106E19E0849800023955 /* headerCell.xib in Resources */,
				39D139DC19EC80F5005ABEC0 /* mainCell.xib in Resources */,
				3955102F19DF43CF00023955 /* billabong-1361543483.ttf in Resources */,
				39C85A8919D574D8007295D9 /* Main.storyboard in Resources */,
				39CE39F119DB19840079AA55 /* buf.png in Resources */,
				39BEDCD519E4455900506B3C /* icon_balloon_20x20.png in Resources */,
				39C85A8E19D574D8007295D9 /* LaunchScreen.xib in Resources */,
				39BEDCD719E4455900506B3C /* icon_heart_20x20.png in Resources */,
				39D139E519EDB88B005ABEC0 /* graybox.jpg in Resources */,
				39D139E619EDB88B005ABEC0 /* none.gif in Resources */,
				3955107019E0895B00023955 /* Buffy.png in Resources */,
				39BEDC9019E1BD2400506B3C /* footerCell.xib in Resources */,
				39C85A8B19D574D8007295D9 /* Images.xcassets in Resources */,
			);
			runOnlyForDeploymentPostprocessing = 0;
		};
		39C85A9119D574D8007295D9 /* Resources */ = {
			isa = PBXResourcesBuildPhase;
			buildActionMask = 2147483647;
			files = (
			);
			runOnlyForDeploymentPostprocessing = 0;
		};
/* End PBXResourcesBuildPhase section */

/* Begin PBXShellScriptBuildPhase section */
		61A7FB3D6769479E8D69B84D /* Copy Pods Resources */ = {
			isa = PBXShellScriptBuildPhase;
			buildActionMask = 2147483647;
			files = (
			);
			inputPaths = (
			);
			name = "Copy Pods Resources";
			outputPaths = (
			);
			runOnlyForDeploymentPostprocessing = 0;
			shellPath = /bin/sh;
			shellScript = "\"${SRCROOT}/Pods/Pods-resources.sh\"\n";
			showEnvVarsInLog = 0;
		};
		A31305C037D5470C9D78D28C /* Check Pods Manifest.lock */ = {
			isa = PBXShellScriptBuildPhase;
			buildActionMask = 2147483647;
			files = (
			);
			inputPaths = (
			);
			name = "Check Pods Manifest.lock";
			outputPaths = (
			);
			runOnlyForDeploymentPostprocessing = 0;
			shellPath = /bin/sh;
			shellScript = "diff \"${PODS_ROOT}/../Podfile.lock\" \"${PODS_ROOT}/Manifest.lock\" > /dev/null\nif [[ $? != 0 ]] ; then\n    cat << EOM\nerror: The sandbox is not in sync with the Podfile.lock. Run 'pod install' or update your CocoaPods installation.\nEOM\n    exit 1\nfi\n";
			showEnvVarsInLog = 0;
		};
/* End PBXShellScriptBuildPhase section */

/* Begin PBXSourcesBuildPhase section */
		39C85A7319D574D8007295D9 /* Sources */ = {
			isa = PBXSourcesBuildPhase;
			buildActionMask = 2147483647;
			files = (
				3955106C19E080D400023955 /* CustomHeaderViewCell.m in Sources */,
				39C85A8019D574D8007295D9 /* AppDelegate.m in Sources */,
				39E314DF19D9F508009141C5 /* CameraViewController.m in Sources */,
				39D139DF19EC8116005ABEC0 /* MainCell.m in Sources */,
				39BC07DD19D73A450090E20E /* InstaUser.m in Sources */,
				39E314DC19D9F258009141C5 /* VerkennenViewController.m in Sources */,
				39BC07D719D6D3460090E20E /* InstaClient.m in Sources */,
				39C85A7D19D574D8007295D9 /* main.m in Sources */,
				39BC07DA19D735320090E20E /* InstaMedia.m in Sources */,
				39BEDC9319E1BD3500506B3C /* CustomFooterViewCell.m in Sources */,
				3955106919E078FC00023955 /* MainFeedViewController.m in Sources */,
				39D139E219ED7ED1005ABEC0 /* UserProfileViewController.m in Sources */,
				39EC489719FBE0980059EE2B /* MapViewController.m in Sources */,
			);
			runOnlyForDeploymentPostprocessing = 0;
		};
		39C85A8F19D574D8007295D9 /* Sources */ = {
			isa = PBXSourcesBuildPhase;
			buildActionMask = 2147483647;
			files = (
				39C85A9A19D574D8007295D9 /* Instagram_CloneTests.m in Sources */,
			);
			runOnlyForDeploymentPostprocessing = 0;
		};
/* End PBXSourcesBuildPhase section */

/* Begin PBXTargetDependency section */
		39C85A9519D574D8007295D9 /* PBXTargetDependency */ = {
			isa = PBXTargetDependency;
			target = 39C85A7619D574D8007295D9 /* Instagram-Clone */;
			targetProxy = 39C85A9419D574D8007295D9 /* PBXContainerItemProxy */;
		};
/* End PBXTargetDependency section */

/* Begin PBXVariantGroup section */
		39C85A8719D574D8007295D9 /* Main.storyboard */ = {
			isa = PBXVariantGroup;
			children = (
				39C85A8819D574D8007295D9 /* Base */,
			);
			name = Main.storyboard;
			sourceTree = "<group>";
		};
		39C85A8C19D574D8007295D9 /* LaunchScreen.xib */ = {
			isa = PBXVariantGroup;
			children = (
				39C85A8D19D574D8007295D9 /* Base */,
			);
			name = LaunchScreen.xib;
			sourceTree = "<group>";
		};
/* End PBXVariantGroup section */

/* Begin XCBuildConfiguration section */
		39C85A9B19D574D8007295D9 /* Debug */ = {
			isa = XCBuildConfiguration;
			buildSettings = {
				ALWAYS_SEARCH_USER_PATHS = NO;
				CLANG_CXX_LANGUAGE_STANDARD = "gnu++0x";
				CLANG_CXX_LIBRARY = "libc++";
				CLANG_ENABLE_MODULES = YES;
				CLANG_ENABLE_OBJC_ARC = YES;
				CLANG_WARN_BOOL_CONVERSION = YES;
				CLANG_WARN_CONSTANT_CONVERSION = YES;
				CLANG_WARN_DIRECT_OBJC_ISA_USAGE = YES_ERROR;
				CLANG_WARN_EMPTY_BODY = YES;
				CLANG_WARN_ENUM_CONVERSION = YES;
				CLANG_WARN_INT_CONVERSION = YES;
				CLANG_WARN_OBJC_ROOT_CLASS = YES_ERROR;
				CLANG_WARN_UNREACHABLE_CODE = YES;
				CLANG_WARN__DUPLICATE_METHOD_MATCH = YES;
				"CODE_SIGN_IDENTITY[sdk=iphoneos*]" = "iPhone Developer";
				COPY_PHASE_STRIP = NO;
				ENABLE_STRICT_OBJC_MSGSEND = YES;
				GCC_C_LANGUAGE_STANDARD = gnu99;
				GCC_DYNAMIC_NO_PIC = NO;
				GCC_OPTIMIZATION_LEVEL = 0;
				GCC_PREPROCESSOR_DEFINITIONS = (
					"DEBUG=1",
					"$(inherited)",
				);
				GCC_SYMBOLS_PRIVATE_EXTERN = NO;
				GCC_WARN_64_TO_32_BIT_CONVERSION = YES;
				GCC_WARN_ABOUT_RETURN_TYPE = YES_ERROR;
				GCC_WARN_UNDECLARED_SELECTOR = YES;
				GCC_WARN_UNINITIALIZED_AUTOS = YES_AGGRESSIVE;
				GCC_WARN_UNUSED_FUNCTION = YES;
				GCC_WARN_UNUSED_VARIABLE = YES;
				IPHONEOS_DEPLOYMENT_TARGET = 8.0;
				MTL_ENABLE_DEBUG_INFO = YES;
				ONLY_ACTIVE_ARCH = YES;
				SDKROOT = iphoneos;
			};
			name = Debug;
		};
		39C85A9C19D574D8007295D9 /* Release */ = {
			isa = XCBuildConfiguration;
			buildSettings = {
				ALWAYS_SEARCH_USER_PATHS = NO;
				CLANG_CXX_LANGUAGE_STANDARD = "gnu++0x";
				CLANG_CXX_LIBRARY = "libc++";
				CLANG_ENABLE_MODULES = YES;
				CLANG_ENABLE_OBJC_ARC = YES;
				CLANG_WARN_BOOL_CONVERSION = YES;
				CLANG_WARN_CONSTANT_CONVERSION = YES;
				CLANG_WARN_DIRECT_OBJC_ISA_USAGE = YES_ERROR;
				CLANG_WARN_EMPTY_BODY = YES;
				CLANG_WARN_ENUM_CONVERSION = YES;
				CLANG_WARN_INT_CONVERSION = YES;
				CLANG_WARN_OBJC_ROOT_CLASS = YES_ERROR;
				CLANG_WARN_UNREACHABLE_CODE = YES;
				CLANG_WARN__DUPLICATE_METHOD_MATCH = YES;
				"CODE_SIGN_IDENTITY[sdk=iphoneos*]" = "iPhone Developer";
				COPY_PHASE_STRIP = YES;
				ENABLE_NS_ASSERTIONS = NO;
				ENABLE_STRICT_OBJC_MSGSEND = YES;
				GCC_C_LANGUAGE_STANDARD = gnu99;
				GCC_WARN_64_TO_32_BIT_CONVERSION = YES;
				GCC_WARN_ABOUT_RETURN_TYPE = YES_ERROR;
				GCC_WARN_UNDECLARED_SELECTOR = YES;
				GCC_WARN_UNINITIALIZED_AUTOS = YES_AGGRESSIVE;
				GCC_WARN_UNUSED_FUNCTION = YES;
				GCC_WARN_UNUSED_VARIABLE = YES;
				IPHONEOS_DEPLOYMENT_TARGET = 8.0;
				MTL_ENABLE_DEBUG_INFO = NO;
				SDKROOT = iphoneos;
				VALIDATE_PRODUCT = YES;
			};
			name = Release;
		};
		39C85A9E19D574D8007295D9 /* Debug */ = {
			isa = XCBuildConfiguration;
			baseConfigurationReference = 7B96481912E24A369F32A332 /* Pods.xcconfig */;
			buildSettings = {
				ASSETCATALOG_COMPILER_APPICON_NAME = AppIcon;
				INFOPLIST_FILE = "Instagram-Clone/Info.plist";
				LD_RUNPATH_SEARCH_PATHS = "$(inherited) @executable_path/Frameworks";
				PRODUCT_NAME = "$(TARGET_NAME)";
				TARGETED_DEVICE_FAMILY = 1;
			};
			name = Debug;
		};
		39C85A9F19D574D8007295D9 /* Release */ = {
			isa = XCBuildConfiguration;
			baseConfigurationReference = 7B96481912E24A369F32A332 /* Pods.xcconfig */;
			buildSettings = {
				ASSETCATALOG_COMPILER_APPICON_NAME = AppIcon;
				INFOPLIST_FILE = "Instagram-Clone/Info.plist";
				LD_RUNPATH_SEARCH_PATHS = "$(inherited) @executable_path/Frameworks";
				PRODUCT_NAME = "$(TARGET_NAME)";
				TARGETED_DEVICE_FAMILY = 1;
			};
			name = Release;
		};
		39C85AA119D574D8007295D9 /* Debug */ = {
			isa = XCBuildConfiguration;
			buildSettings = {
				BUNDLE_LOADER = "$(TEST_HOST)";
				FRAMEWORK_SEARCH_PATHS = (
					"$(SDKROOT)/Developer/Library/Frameworks",
					"$(inherited)",
				);
				GCC_PREPROCESSOR_DEFINITIONS = (
					"DEBUG=1",
					"$(inherited)",
				);
				INFOPLIST_FILE = "Instagram-CloneTests/Info.plist";
				LD_RUNPATH_SEARCH_PATHS = "$(inherited) @executable_path/Frameworks @loader_path/Frameworks";
				PRODUCT_NAME = "$(TARGET_NAME)";
				TEST_HOST = "$(BUILT_PRODUCTS_DIR)/Instagram-Clone.app/Instagram-Clone";
			};
			name = Debug;
		};
		39C85AA219D574D8007295D9 /* Release */ = {
			isa = XCBuildConfiguration;
			buildSettings = {
				BUNDLE_LOADER = "$(TEST_HOST)";
				FRAMEWORK_SEARCH_PATHS = (
					"$(SDKROOT)/Developer/Library/Frameworks",
					"$(inherited)",
				);
				INFOPLIST_FILE = "Instagram-CloneTests/Info.plist";
				LD_RUNPATH_SEARCH_PATHS = "$(inherited) @executable_path/Frameworks @loader_path/Frameworks";
				PRODUCT_NAME = "$(TARGET_NAME)";
				TEST_HOST = "$(BUILT_PRODUCTS_DIR)/Instagram-Clone.app/Instagram-Clone";
			};
			name = Release;
		};
/* End XCBuildConfiguration section */

/* Begin XCConfigurationList section */
		39C85A7219D574D8007295D9 /* Build configuration list for PBXProject "Instagram-Clone" */ = {
			isa = XCConfigurationList;
			buildConfigurations = (
				39C85A9B19D574D8007295D9 /* Debug */,
				39C85A9C19D574D8007295D9 /* Release */,
			);
			defaultConfigurationIsVisible = 0;
			defaultConfigurationName = Release;
		};
		39C85A9D19D574D8007295D9 /* Build configuration list for PBXNativeTarget "Instagram-Clone" */ = {
			isa = XCConfigurationList;
			buildConfigurations = (
				39C85A9E19D574D8007295D9 /* Debug */,
				39C85A9F19D574D8007295D9 /* Release */,
			);
			defaultConfigurationIsVisible = 0;
			defaultConfigurationName = Release;
		};
		39C85AA019D574D8007295D9 /* Build configuration list for PBXNativeTarget "Instagram-CloneTests" */ = {
			isa = XCConfigurationList;
			buildConfigurations = (
				39C85AA119D574D8007295D9 /* Debug */,
				39C85AA219D574D8007295D9 /* Release */,
			);
			defaultConfigurationIsVisible = 0;
			defaultConfigurationName = Release;
		};
/* End XCConfigurationList section */
	};
	rootObject = 39C85A6F19D574D8007295D9 /* Project object */;
}
