PODS:
  - AFNetworking (2.4.1):
    - AFNetworking/NSURLConnection
    - AFNetworking/NSURLSession
    - AFNetworking/Reachability
    - AFNetworking/Security
    - AFNetworking/Serialization
    - AFNetworking/UIKit
  - AFNetworking/NSURLConnection (2.4.1):
    - AFNetworking/Reachability
    - AFNetworking/Security
    - AFNetworking/Serialization
  - AFNetworking/NSURLSession (2.4.1):
    - AFNetworking/Reachability
    - AFNetworking/Security
    - AFNetworking/Serialization
  - AFNetworking/Reachability (2.4.1)
  - AFNetworking/Security (2.4.1)
  - AFNetworking/Serialization (2.4.1)
  - AFNetworking/UIKit (2.4.1):
    - AFNetworking/NSURLConnection
    - AFNetworking/NSURLSession
  - AFOAuth2Client (0.1.1):
    - AFNetworking (~> 2.0)
  - TLYShyNavBar (0.9.7)

DEPENDENCIES:
  - AFNetworking (~> 2.2)
  - AFOAuth2Client (from `git://github.com/mlwelles/AFOAuth2Client.git`)
  - TLYShyNavBar

EXTERNAL SOURCES:
  AFOAuth2Client:
    :git: git://github.com/mlwelles/AFOAuth2Client.git

SPEC CHECKSUMS:
  AFNetworking: 0aabc6fae66d6e5d039eeb21c315843c7aae51ab
  AFOAuth2Client: 05536bd4175add72e7efcb6b749d4e9685ed02f7
  TLYShyNavBar: 8c89cc5225a26618ff7d0cb922f72060300deec8

COCOAPODS: 0.33.1
